
Microsoft Visual Studio Solution File, Format Version 12.00
# Visual Studio Version 16
VisualStudioVersion = 16.0.30128.74
MinimumVisualStudioVersion = 10.0.40219.1
Project("{FAE04EC0-301F-11D3-BF4B-00C04F79EFBC}") = "laba", "laba.csproj", "{DE08DA8C-ADD9-44E2-9A0B-4F64948D35F7}"
EndProject
Global
	GlobalSection(SolutionConfigurationPlatforms) = preSolution
		Debug|Any CPU = Debug|Any CPU
		Release|Any CPU = Release|Any CPU
	EndGlobalSection
	GlobalSection(ProjectConfigurationPlatforms) = postSolution
		{DE08DA8C-ADD9-44E2-9A0B-4F64948D35F7}.Debug|Any CPU.ActiveCfg = Debug|Any CPU
		{DE08DA8C-ADD9-44E2-9A0B-4F64948D35F7}.Debug|Any CPU.Build.0 = Debug|Any CPU
		{DE08DA8C-ADD9-44E2-9A0B-4F64948D35F7}.Release|Any CPU.ActiveCfg = Release|Any CPU
		{DE08DA8C-ADD9-44E2-9A0B-4F64948D35F7}.Release|Any CPU.Build.0 = Release|Any CPU
	EndGlobalSection
	GlobalSection(SolutionProperties) = preSolution
		HideSolutionNode = FALSE
	EndGlobalSection
	GlobalSection(ExtensibilityGlobals) = postSolution
		SolutionGuid = {84A2DFFD-9D4F-4716-B936-84C1EDC7016A}
	EndGlobalSection
EndGlobal
